PODS:
  - Himotoki (3.0.0)
  - RxCocoa (2.6.0):
    - RxSwift (~> 2.5)
  - RxSwift (2.6.0)
  - SDWebImage (3.8.2):
    - SDWebImage/Core (= 3.8.2)
  - SDWebImage/Core (3.8.2)

DEPENDENCIES:
  - Himotoki
  - RxCocoa
  - RxSwift
  - SDWebImage

SPEC CHECKSUMS:
  Himotoki: df74b01035e86e021b7b04a15b033a7fd189b84f
  RxCocoa: 89ab00d5753502520227940e3a0e0a0413683c6b
  RxSwift: 77f3a0b15324baa7a1c9bfa9f199648a82424e26
  SDWebImage: 098e97e6176540799c27e804c96653ee0833d13c

PODFILE CHECKSUM: 581be3257e7c9645ecfd07c7e67eb3fd198e484c

COCOAPODS: 1.0.1
