PODS:
  - Kingfisher (3.2.0)
  - ObjectMapper (2.2.1)
  - Realm (2.0.3):
    - Realm/Headers (= 2.0.3)
  - Realm/Headers (2.0.3)
  - RealmSwift (2.0.3):
    - Realm (= 2.0.3)
  - RxCocoa (3.0.1):
    - RxSwift (~> 3.0)
  - RxSwift (3.0.1)

DEPENDENCIES:
  - Kingfisher
  - ObjectMapper
  - RealmSwift
  - RxCocoa
  - RxSwift

SPEC CHECKSUMS:
  Kingfisher: 50407d1d5dbc34965009d425a286342ff36a84ea
  ObjectMapper: 41e43e1a89f8060ef5ea5d04ba852e269a621d68
  Realm: 5f008bfe3c8c47142eddfc30b8c1584cde22db24
  RealmSwift: 5afb451f65b682242f272dbb52d5c6f6e343c980
  RxCocoa: 15a52fc590dcc700cb4a690a633b5c5184ce3a78
  RxSwift: af5680055c4ad04480189c52d28385b1029493a6

PODFILE CHECKSUM: df6970e6d7b50ef33d94fa901e87f3a8f5e67c25

COCOAPODS: 1.1.1
