// !$*UTF8*$!
{
	archiveVersion = 1;
	classes = {
	};
	objectVersion = 46;
	objects = {

/* Begin PBXBuildFile section */
		0752CDFC1C2791D700C75ACB /* LoginAccountUseCase.swift in Sources */ = {isa = PBXBuildFile; fileRef = 0752CDFB1C2791D700C75ACB /* LoginAccountUseCase.swift */; };
		0752CE001C27987300C75ACB /* LoginAccountDataStore.swift in Sources */ = {isa = PBXBuildFile; fileRef = 0752CDFF1C27987300C75ACB /* LoginAccountDataStore.swift */; };
		0752CE021C279A6400C75ACB /* SocialAccountRepository.swift in Sources */ = {isa = PBXBuildFile; fileRef = 0752CE011C279A6400C75ACB /* SocialAccountRepository.swift */; };
		0752CE041C28008900C75ACB /* RegisteredAccountTranslater.swift in Sources */ = {isa = PBXBuildFile; fileRef = 0752CE031C28008900C75ACB /* RegisteredAccountTranslater.swift */; };
		0752CE091C28266D00C75ACB /* TimelineUseCase.swift in Sources */ = {isa = PBXBuildFile; fileRef = 0752CE081C28266D00C75ACB /* TimelineUseCase.swift */; };
		0752CE0B1C28328600C75ACB /* TimelineEntity.swift in Sources */ = {isa = PBXBuildFile; fileRef = 0752CE0A1C28328600C75ACB /* TimelineEntity.swift */; };
		0752CE0D1C283E0E00C75ACB /* TimelineTranslater.swift in Sources */ = {isa = PBXBuildFile; fileRef = 0752CE0C1C283E0E00C75ACB /* TimelineTranslater.swift */; };
		0752CE0F1C283EAB00C75ACB /* TimelineModel.swift in Sources */ = {isa = PBXBuildFile; fileRef = 0752CE0E1C283EAB00C75ACB /* TimelineModel.swift */; };
		0752CE111C28452B00C75ACB /* TimelineViewCell.swift in Sources */ = {isa = PBXBuildFile; fileRef = 0752CE101C28452B00C75ACB /* TimelineViewCell.swift */; };
		0752CE171C28EF9E00C75ACB /* RestSLRequest.swift in Sources */ = {isa = PBXBuildFile; fileRef = 0752CE161C28EF9E00C75ACB /* RestSLRequest.swift */; };
		078625481DDB32290005855B /* TimelineViewModel.swift in Sources */ = {isa = PBXBuildFile; fileRef = 078625471DDB32290005855B /* TimelineViewModel.swift */; };
		0786254C1DDB398A0005855B /* TimelineUserHeaderView.swift in Sources */ = {isa = PBXBuildFile; fileRef = 0786254B1DDB398A0005855B /* TimelineUserHeaderView.swift */; };
		0786254E1DDB39950005855B /* TimelineUserHeaderView.xib in Resources */ = {isa = PBXBuildFile; fileRef = 0786254D1DDB39950005855B /* TimelineUserHeaderView.xib */; };
		078625511DDB3AD60005855B /* Nib.swift in Sources */ = {isa = PBXBuildFile; fileRef = 078625501DDB3AD60005855B /* Nib.swift */; };
		270E3D631C26D9FC00C9A69E /* AppDelegate.swift in Sources */ = {isa = PBXBuildFile; fileRef = 270E3D621C26D9FC00C9A69E /* AppDelegate.swift */; };
		270E3D681C26D9FC00C9A69E /* Main.storyboard in Resources */ = {isa = PBXBuildFile; fileRef = 270E3D661C26D9FC00C9A69E /* Main.storyboard */; };
		270E3D6A1C26D9FC00C9A69E /* Assets.xcassets in Resources */ = {isa = PBXBuildFile; fileRef = 270E3D691C26D9FC00C9A69E /* Assets.xcassets */; };
		270E3D6D1C26D9FC00C9A69E /* LaunchScreen.storyboard in Resources */ = {isa = PBXBuildFile; fileRef = 270E3D6B1C26D9FC00C9A69E /* LaunchScreen.storyboard */; };
		270E3D781C26D9FC00C9A69E /* iOSCleanArchitectureTwitterSampleTests.swift in Sources */ = {isa = PBXBuildFile; fileRef = 270E3D771C26D9FC00C9A69E /* iOSCleanArchitectureTwitterSampleTests.swift */; };
		270E3D831C26D9FC00C9A69E /* iOSCleanArchitectureTwitterSampleUITests.swift in Sources */ = {isa = PBXBuildFile; fileRef = 270E3D821C26D9FC00C9A69E /* iOSCleanArchitectureTwitterSampleUITests.swift */; };
		270E3D911C26DA3D00C9A69E /* TimelineViewController.swift in Sources */ = {isa = PBXBuildFile; fileRef = 270E3D901C26DA3D00C9A69E /* TimelineViewController.swift */; };
		270E3D951C26DAC700C9A69E /* TimelinePresenter.swift in Sources */ = {isa = PBXBuildFile; fileRef = 270E3D941C26DAC700C9A69E /* TimelinePresenter.swift */; };
		270E3D971C26DAE000C9A69E /* TimelineRepository.swift in Sources */ = {isa = PBXBuildFile; fileRef = 270E3D961C26DAE000C9A69E /* TimelineRepository.swift */; };
		270E3D991C26DAEE00C9A69E /* TimelineDataStore.swift in Sources */ = {isa = PBXBuildFile; fileRef = 270E3D981C26DAEE00C9A69E /* TimelineDataStore.swift */; };
		270E3D9E1C26DB5D00C9A69E /* LoginAccountViewController.swift in Sources */ = {isa = PBXBuildFile; fileRef = 270E3D9D1C26DB5D00C9A69E /* LoginAccountViewController.swift */; };
		270E3DA01C26DB6900C9A69E /* LoginAccountPresenter.swift in Sources */ = {isa = PBXBuildFile; fileRef = 270E3D9F1C26DB6900C9A69E /* LoginAccountPresenter.swift */; };
		270E3DA21C26DB7500C9A69E /* LoginAccountRepository.swift in Sources */ = {isa = PBXBuildFile; fileRef = 270E3DA11C26DB7500C9A69E /* LoginAccountRepository.swift */; };
		270E3DA41C26DB7E00C9A69E /* SocialAccountDataStore.swift in Sources */ = {isa = PBXBuildFile; fileRef = 270E3DA31C26DB7E00C9A69E /* SocialAccountDataStore.swift */; };
		270E3DA71C26DC1F00C9A69E /* Accounts.framework in Frameworks */ = {isa = PBXBuildFile; fileRef = 270E3DA61C26DC1F00C9A69E /* Accounts.framework */; };
		270E3DA91C26DC2400C9A69E /* Social.framework in Frameworks */ = {isa = PBXBuildFile; fileRef = 270E3DA81C26DC2400C9A69E /* Social.framework */; };
		270E3DAE1C27113C00C9A69E /* AppError.swift in Sources */ = {isa = PBXBuildFile; fileRef = 270E3DAD1C27113C00C9A69E /* AppError.swift */; };
		270E3DB01C271EB100C9A69E /* RegisteredAccountsModel.swift in Sources */ = {isa = PBXBuildFile; fileRef = 270E3DAF1C271EB100C9A69E /* RegisteredAccountsModel.swift */; };
		270E3DB21C27291200C9A69E /* LoginAccountViewCell.swift in Sources */ = {isa = PBXBuildFile; fileRef = 270E3DB11C27291200C9A69E /* LoginAccountViewCell.swift */; };
		272C79901DDA2A480073AD9D /* SharedObserver.swift in Sources */ = {isa = PBXBuildFile; fileRef = 272C798F1DDA2A480073AD9D /* SharedObserver.swift */; };
		276CCD011DD7E04D0089648C /* Translator.swift in Sources */ = {isa = PBXBuildFile; fileRef = 276CCD001DD7E04D0089648C /* Translator.swift */; };
		276CCD061DD8456F0089648C /* TimelineWireframe.swift in Sources */ = {isa = PBXBuildFile; fileRef = 276CCD051DD8456F0089648C /* TimelineWireframe.swift */; };
		276CCD081DD845C00089648C /* LoginAccountWireframe.swift in Sources */ = {isa = PBXBuildFile; fileRef = 276CCD071DD845C00089648C /* LoginAccountWireframe.swift */; };
		276CCD0A1DD863C70089648C /* LoginAccountBuilder.swift in Sources */ = {isa = PBXBuildFile; fileRef = 276CCD091DD863C70089648C /* LoginAccountBuilder.swift */; };
		276CCD0C1DD884FC0089648C /* TimelineBuilder.swift in Sources */ = {isa = PBXBuildFile; fileRef = 276CCD0B1DD884FC0089648C /* TimelineBuilder.swift */; };
		584A9CC6CD3386C1B94AD534 /* Pods_iOSCleanArchitectureTwitterSampleUITests.framework in Frameworks */ = {isa = PBXBuildFile; fileRef = 0D3E91A768FBEEE702FF5F6C /* Pods_iOSCleanArchitectureTwitterSampleUITests.framework */; };
		8EF531377FB6A97E3C9B49DE /* Pods_iOSCleanArchitectureTwitterSampleTests.framework in Frameworks */ = {isa = PBXBuildFile; fileRef = A49CE4E61BFE7FF396A1C494 /* Pods_iOSCleanArchitectureTwitterSampleTests.framework */; };
		E4086BA8C37F12FEE0B00EC1 /* Pods_iOSCleanArchitectureTwitterSample.framework in Frameworks */ = {isa = PBXBuildFile; fileRef = 21CB8D56598FD8BF8E22F832 /* Pods_iOSCleanArchitectureTwitterSample.framework */; };
/* End PBXBuildFile section */

/* Begin PBXContainerItemProxy section */
		270E3D741C26D9FC00C9A69E /* PBXContainerItemProxy */ = {
			isa = PBXContainerItemProxy;
			containerPortal = 270E3D571C26D9FC00C9A69E /* Project object */;
			proxyType = 1;
			remoteGlobalIDString = 270E3D5E1C26D9FC00C9A69E;
			remoteInfo = iOSCleanArchitectureTwitterSample;
		};
		270E3D7F1C26D9FC00C9A69E /* PBXContainerItemProxy */ = {
			isa = PBXContainerItemProxy;
			containerPortal = 270E3D571C26D9FC00C9A69E /* Project object */;
			proxyType = 1;
			remoteGlobalIDString = 270E3D5E1C26D9FC00C9A69E;
			remoteInfo = iOSCleanArchitectureTwitterSample;
		};
/* End PBXContainerItemProxy section */

/* Begin PBXFileReference section */
		0752CDFB1C2791D700C75ACB /* LoginAccountUseCase.swift */ = {isa = PBXFileReference; fileEncoding = 4; lastKnownFileType = sourcecode.swift; name = LoginAccountUseCase.swift; path = Domain/UseCase/LoginAccountUseCase.swift; sourceTree = "<group>"; };
		0752CDFF1C27987300C75ACB /* LoginAccountDataStore.swift */ = {isa = PBXFileReference; fileEncoding = 4; lastKnownFileType = sourcecode.swift; name = LoginAccountDataStore.swift; path = Data/DataStore/LoginAccountDataStore.swift; sourceTree = "<group>"; };
		0752CE011C279A6400C75ACB /* SocialAccountRepository.swift */ = {isa = PBXFileReference; fileEncoding = 4; lastKnownFileType = sourcecode.swift; name = SocialAccountRepository.swift; path = Domain/Repository/SocialAccountRepository.swift; sourceTree = "<group>"; };
		0752CE031C28008900C75ACB /* RegisteredAccountTranslater.swift */ = {isa = PBXFileReference; fileEncoding = 4; lastKnownFileType = sourcecode.swift; name = RegisteredAccountTranslater.swift; path = Domain/UseCase/Translater/RegisteredAccountTranslater.swift; sourceTree = "<group>"; };
		0752CE081C28266D00C75ACB /* TimelineUseCase.swift */ = {isa = PBXFileReference; fileEncoding = 4; lastKnownFileType = sourcecode.swift; name = TimelineUseCase.swift; path = Domain/UseCase/TimelineUseCase.swift; sourceTree = "<group>"; };
		0752CE0A1C28328600C75ACB /* TimelineEntity.swift */ = {isa = PBXFileReference; fileEncoding = 4; lastKnownFileType = sourcecode.swift; name = TimelineEntity.swift; path = Data/Entity/TimelineEntity.swift; sourceTree = "<group>"; };
		0752CE0C1C283E0E00C75ACB /* TimelineTranslater.swift */ = {isa = PBXFileReference; fileEncoding = 4; lastKnownFileType = sourcecode.swift; name = TimelineTranslater.swift; path = Domain/UseCase/Translater/TimelineTranslater.swift; sourceTree = "<group>"; };
		0752CE0E1C283EAB00C75ACB /* TimelineModel.swift */ = {isa = PBXFileReference; fileEncoding = 4; lastKnownFileType = sourcecode.swift; name = TimelineModel.swift; path = Domain/Model/TimelineModel.swift; sourceTree = "<group>"; };
		0752CE101C28452B00C75ACB /* TimelineViewCell.swift */ = {isa = PBXFileReference; fileEncoding = 4; lastKnownFileType = sourcecode.swift; name = TimelineViewCell.swift; path = Presentation/UI/Cell/TimelineViewCell.swift; sourceTree = "<group>"; };
		0752CE161C28EF9E00C75ACB /* RestSLRequest.swift */ = {isa = PBXFileReference; fileEncoding = 4; lastKnownFileType = sourcecode.swift; name = RestSLRequest.swift; path = Data/Network/RestSLRequest.swift; sourceTree = "<group>"; };
		078625471DDB32290005855B /* TimelineViewModel.swift */ = {isa = PBXFileReference; fileEncoding = 4; lastKnownFileType = sourcecode.swift; path = TimelineViewModel.swift; sourceTree = "<group>"; };
		0786254B1DDB398A0005855B /* TimelineUserHeaderView.swift */ = {isa = PBXFileReference; fileEncoding = 4; lastKnownFileType = sourcecode.swift; path = TimelineUserHeaderView.swift; sourceTree = "<group>"; };
		0786254D1DDB39950005855B /* TimelineUserHeaderView.xib */ = {isa = PBXFileReference; fileEncoding = 4; lastKnownFileType = file.xib; path = TimelineUserHeaderView.xib; sourceTree = "<group>"; };
		078625501DDB3AD60005855B /* Nib.swift */ = {isa = PBXFileReference; fileEncoding = 4; lastKnownFileType = sourcecode.swift; path = Nib.swift; sourceTree = "<group>"; };
		0D14D064FA9E031D81DA7399 /* Pods-iOSCleanArchitectureTwitterSampleTests.debug.xcconfig */ = {isa = PBXFileReference; includeInIndex = 1; lastKnownFileType = text.xcconfig; name = "Pods-iOSCleanArchitectureTwitterSampleTests.debug.xcconfig"; path = "Pods/Target Support Files/Pods-iOSCleanArchitectureTwitterSampleTests/Pods-iOSCleanArchitectureTwitterSampleTests.debug.xcconfig"; sourceTree = "<group>"; };
		0D3E91A768FBEEE702FF5F6C /* Pods_iOSCleanArchitectureTwitterSampleUITests.framework */ = {isa = PBXFileReference; explicitFileType = wrapper.framework; includeInIndex = 0; path = Pods_iOSCleanArchitectureTwitterSampleUITests.framework; sourceTree = BUILT_PRODUCTS_DIR; };
		21CB8D56598FD8BF8E22F832 /* Pods_iOSCleanArchitectureTwitterSample.framework */ = {isa = PBXFileReference; explicitFileType = wrapper.framework; includeInIndex = 0; path = Pods_iOSCleanArchitectureTwitterSample.framework; sourceTree = BUILT_PRODUCTS_DIR; };
		270E3D5F1C26D9FC00C9A69E /* iOSCleanArchitectureTwitterSample.app */ = {isa = PBXFileReference; explicitFileType = wrapper.application; includeInIndex = 0; path = iOSCleanArchitectureTwitterSample.app; sourceTree = BUILT_PRODUCTS_DIR; };
		270E3D621C26D9FC00C9A69E /* AppDelegate.swift */ = {isa = PBXFileReference; lastKnownFileType = sourcecode.swift; path = AppDelegate.swift; sourceTree = "<group>"; };
		270E3D671C26D9FC00C9A69E /* Base */ = {isa = PBXFileReference; lastKnownFileType = file.storyboard; name = Base; path = Base.lproj/Main.storyboard; sourceTree = "<group>"; };
		270E3D691C26D9FC00C9A69E /* Assets.xcassets */ = {isa = PBXFileReference; lastKnownFileType = folder.assetcatalog; path = Assets.xcassets; sourceTree = "<group>"; };
		270E3D6C1C26D9FC00C9A69E /* Base */ = {isa = PBXFileReference; lastKnownFileType = file.storyboard; name = Base; path = Base.lproj/LaunchScreen.storyboard; sourceTree = "<group>"; };
		270E3D6E1C26D9FC00C9A69E /* Info.plist */ = {isa = PBXFileReference; lastKnownFileType = text.plist.xml; path = Info.plist; sourceTree = "<group>"; };
		270E3D731C26D9FC00C9A69E /* iOSCleanArchitectureTwitterSampleTests.xctest */ = {isa = PBXFileReference; explicitFileType = wrapper.cfbundle; includeInIndex = 0; path = iOSCleanArchitectureTwitterSampleTests.xctest; sourceTree = BUILT_PRODUCTS_DIR; };
		270E3D771C26D9FC00C9A69E /* iOSCleanArchitectureTwitterSampleTests.swift */ = {isa = PBXFileReference; lastKnownFileType = sourcecode.swift; path = iOSCleanArchitectureTwitterSampleTests.swift; sourceTree = "<group>"; };
		270E3D791C26D9FC00C9A69E /* Info.plist */ = {isa = PBXFileReference; lastKnownFileType = text.plist.xml; path = Info.plist; sourceTree = "<group>"; };
		270E3D7E1C26D9FC00C9A69E /* iOSCleanArchitectureTwitterSampleUITests.xctest */ = {isa = PBXFileReference; explicitFileType = wrapper.cfbundle; includeInIndex = 0; path = iOSCleanArchitectureTwitterSampleUITests.xctest; sourceTree = BUILT_PRODUCTS_DIR; };
		270E3D821C26D9FC00C9A69E /* iOSCleanArchitectureTwitterSampleUITests.swift */ = {isa = PBXFileReference; lastKnownFileType = sourcecode.swift; path = iOSCleanArchitectureTwitterSampleUITests.swift; sourceTree = "<group>"; };
		270E3D841C26D9FC00C9A69E /* Info.plist */ = {isa = PBXFileReference; lastKnownFileType = text.plist.xml; path = Info.plist; sourceTree = "<group>"; };
		270E3D901C26DA3D00C9A69E /* TimelineViewController.swift */ = {isa = PBXFileReference; fileEncoding = 4; lastKnownFileType = sourcecode.swift; name = TimelineViewController.swift; path = Presentation/UI/ViewController/TimelineViewController.swift; sourceTree = "<group>"; };
		270E3D941C26DAC700C9A69E /* TimelinePresenter.swift */ = {isa = PBXFileReference; fileEncoding = 4; lastKnownFileType = sourcecode.swift; name = TimelinePresenter.swift; path = Presentation/Presenter/TimelinePresenter.swift; sourceTree = "<group>"; };
		270E3D961C26DAE000C9A69E /* TimelineRepository.swift */ = {isa = PBXFileReference; fileEncoding = 4; lastKnownFileType = sourcecode.swift; name = TimelineRepository.swift; path = Domain/Repository/TimelineRepository.swift; sourceTree = "<group>"; };
		270E3D981C26DAEE00C9A69E /* TimelineDataStore.swift */ = {isa = PBXFileReference; fileEncoding = 4; lastKnownFileType = sourcecode.swift; name = TimelineDataStore.swift; path = Data/DataStore/TimelineDataStore.swift; sourceTree = "<group>"; };
		270E3D9D1C26DB5D00C9A69E /* LoginAccountViewController.swift */ = {isa = PBXFileReference; fileEncoding = 4; lastKnownFileType = sourcecode.swift; name = LoginAccountViewController.swift; path = Presentation/UI/ViewController/LoginAccountViewController.swift; sourceTree = "<group>"; };
		270E3D9F1C26DB6900C9A69E /* LoginAccountPresenter.swift */ = {isa = PBXFileReference; fileEncoding = 4; lastKnownFileType = sourcecode.swift; name = LoginAccountPresenter.swift; path = Presentation/Presenter/LoginAccountPresenter.swift; sourceTree = "<group>"; };
		270E3DA11C26DB7500C9A69E /* LoginAccountRepository.swift */ = {isa = PBXFileReference; fileEncoding = 4; lastKnownFileType = sourcecode.swift; name = LoginAccountRepository.swift; path = Domain/Repository/LoginAccountRepository.swift; sourceTree = "<group>"; };
		270E3DA31C26DB7E00C9A69E /* SocialAccountDataStore.swift */ = {isa = PBXFileReference; fileEncoding = 4; lastKnownFileType = sourcecode.swift; name = SocialAccountDataStore.swift; path = Data/DataStore/SocialAccountDataStore.swift; sourceTree = "<group>"; };
		270E3DA61C26DC1F00C9A69E /* Accounts.framework */ = {isa = PBXFileReference; lastKnownFileType = wrapper.framework; name = Accounts.framework; path = System/Library/Frameworks/Accounts.framework; sourceTree = SDKROOT; };
		270E3DA81C26DC2400C9A69E /* Social.framework */ = {isa = PBXFileReference; lastKnownFileType = wrapper.framework; name = Social.framework; path = System/Library/Frameworks/Social.framework; sourceTree = SDKROOT; };
		270E3DAD1C27113C00C9A69E /* AppError.swift */ = {isa = PBXFileReference; fileEncoding = 4; lastKnownFileType = sourcecode.swift; name = AppError.swift; path = Util/Error/AppError.swift; sourceTree = "<group>"; };
		270E3DAF1C271EB100C9A69E /* RegisteredAccountsModel.swift */ = {isa = PBXFileReference; fileEncoding = 4; lastKnownFileType = sourcecode.swift; name = RegisteredAccountsModel.swift; path = Domain/Model/RegisteredAccountsModel.swift; sourceTree = "<group>"; };
		270E3DB11C27291200C9A69E /* LoginAccountViewCell.swift */ = {isa = PBXFileReference; fileEncoding = 4; lastKnownFileType = sourcecode.swift; name = LoginAccountViewCell.swift; path = Presentation/UI/Cell/LoginAccountViewCell.swift; sourceTree = "<group>"; };
		272C798F1DDA2A480073AD9D /* SharedObserver.swift */ = {isa = PBXFileReference; fileEncoding = 4; lastKnownFileType = sourcecode.swift; path = SharedObserver.swift; sourceTree = "<group>"; };
		276CCD001DD7E04D0089648C /* Translator.swift */ = {isa = PBXFileReference; fileEncoding = 4; lastKnownFileType = sourcecode.swift; name = Translator.swift; path = Domain/UseCase/Translater/Translator.swift; sourceTree = "<group>"; };
		276CCD051DD8456F0089648C /* TimelineWireframe.swift */ = {isa = PBXFileReference; fileEncoding = 4; lastKnownFileType = sourcecode.swift; path = TimelineWireframe.swift; sourceTree = "<group>"; };
		276CCD071DD845C00089648C /* LoginAccountWireframe.swift */ = {isa = PBXFileReference; fileEncoding = 4; lastKnownFileType = sourcecode.swift; path = LoginAccountWireframe.swift; sourceTree = "<group>"; };
		276CCD091DD863C70089648C /* LoginAccountBuilder.swift */ = {isa = PBXFileReference; fileEncoding = 4; lastKnownFileType = sourcecode.swift; path = LoginAccountBuilder.swift; sourceTree = "<group>"; };
		276CCD0B1DD884FC0089648C /* TimelineBuilder.swift */ = {isa = PBXFileReference; fileEncoding = 4; lastKnownFileType = sourcecode.swift; path = TimelineBuilder.swift; sourceTree = "<group>"; };
		4B61D37FA9D756790694A8FC /* Pods-iOSCleanArchitectureTwitterSample.debug.xcconfig */ = {isa = PBXFileReference; includeInIndex = 1; lastKnownFileType = text.xcconfig; name = "Pods-iOSCleanArchitectureTwitterSample.debug.xcconfig"; path = "Pods/Target Support Files/Pods-iOSCleanArchitectureTwitterSample/Pods-iOSCleanArchitectureTwitterSample.debug.xcconfig"; sourceTree = "<group>"; };
		8B51EA7EF86D54C8F36755EB /* Pods-iOSCleanArchitectureTwitterSampleTests.release.xcconfig */ = {isa = PBXFileReference; includeInIndex = 1; lastKnownFileType = text.xcconfig; name = "Pods-iOSCleanArchitectureTwitterSampleTests.release.xcconfig"; path = "Pods/Target Support Files/Pods-iOSCleanArchitectureTwitterSampleTests/Pods-iOSCleanArchitectureTwitterSampleTests.release.xcconfig"; sourceTree = "<group>"; };
		A49CE4E61BFE7FF396A1C494 /* Pods_iOSCleanArchitectureTwitterSampleTests.framework */ = {isa = PBXFileReference; explicitFileType = wrapper.framework; includeInIndex = 0; path = Pods_iOSCleanArchitectureTwitterSampleTests.framework; sourceTree = BUILT_PRODUCTS_DIR; };
		D15C47EC0A9CF00EBD004A84 /* Pods-iOSCleanArchitectureTwitterSampleUITests.release.xcconfig */ = {isa = PBXFileReference; includeInIndex = 1; lastKnownFileType = text.xcconfig; name = "Pods-iOSCleanArchitectureTwitterSampleUITests.release.xcconfig"; path = "Pods/Target Support Files/Pods-iOSCleanArchitectureTwitterSampleUITests/Pods-iOSCleanArchitectureTwitterSampleUITests.release.xcconfig"; sourceTree = "<group>"; };
		F29F8E23D6FEE0D5BFBD3C37 /* Pods-iOSCleanArchitectureTwitterSample.release.xcconfig */ = {isa = PBXFileReference; includeInIndex = 1; lastKnownFileType = text.xcconfig; name = "Pods-iOSCleanArchitectureTwitterSample.release.xcconfig"; path = "Pods/Target Support Files/Pods-iOSCleanArchitectureTwitterSample/Pods-iOSCleanArchitectureTwitterSample.release.xcconfig"; sourceTree = "<group>"; };
		FEF16B3F9F54D4B56E74B095 /* Pods-iOSCleanArchitectureTwitterSampleUITests.debug.xcconfig */ = {isa = PBXFileReference; includeInIndex = 1; lastKnownFileType = text.xcconfig; name = "Pods-iOSCleanArchitectureTwitterSampleUITests.debug.xcconfig"; path = "Pods/Target Support Files/Pods-iOSCleanArchitectureTwitterSampleUITests/Pods-iOSCleanArchitectureTwitterSampleUITests.debug.xcconfig"; sourceTree = "<group>"; };
/* End PBXFileReference section */

/* Begin PBXFrameworksBuildPhase section */
		270E3D5C1C26D9FC00C9A69E /* Frameworks */ = {
			isa = PBXFrameworksBuildPhase;
			buildActionMask = 2147483647;
			files = (
				270E3DA91C26DC2400C9A69E /* Social.framework in Frameworks */,
				270E3DA71C26DC1F00C9A69E /* Accounts.framework in Frameworks */,
				E4086BA8C37F12FEE0B00EC1 /* Pods_iOSCleanArchitectureTwitterSample.framework in Frameworks */,
			);
			runOnlyForDeploymentPostprocessing = 0;
		};
		270E3D701C26D9FC00C9A69E /* Frameworks */ = {
			isa = PBXFrameworksBuildPhase;
			buildActionMask = 2147483647;
			files = (
				8EF531377FB6A97E3C9B49DE /* Pods_iOSCleanArchitectureTwitterSampleTests.framework in Frameworks */,
			);
			runOnlyForDeploymentPostprocessing = 0;
		};
		270E3D7B1C26D9FC00C9A69E /* Frameworks */ = {
			isa = PBXFrameworksBuildPhase;
			buildActionMask = 2147483647;
			files = (
				584A9CC6CD3386C1B94AD534 /* Pods_iOSCleanArchitectureTwitterSampleUITests.framework in Frameworks */,
			);
			runOnlyForDeploymentPostprocessing = 0;
		};
/* End PBXFrameworksBuildPhase section */

/* Begin PBXGroup section */
		0752CDF31C27897500C75ACB /* Presentation */ = {
			isa = PBXGroup;
			children = (
				0752CDF71C2789A800C75ACB /* Presenter */,
				0752CDF61C2789A200C75ACB /* UI */,
			);
			name = Presentation;
			sourceTree = "<group>";
		};
		0752CDF41C27898100C75ACB /* Domain */ = {
			isa = PBXGroup;
			children = (
				0752CDFD1C2794D700C75ACB /* Model */,
				0752CDF91C278A2B00C75ACB /* UseCase */,
				0752CDFA1C278A3100C75ACB /* Repository */,
			);
			name = Domain;
			sourceTree = "<group>";
		};
		0752CDF51C27899000C75ACB /* Data */ = {
			isa = PBXGroup;
			children = (
				0752CE071C281C8000C75ACB /* Network */,
				0752CDF81C2789BC00C75ACB /* DataStore */,
				0752CDFE1C2794E500C75ACB /* Entity */,
			);
			name = Data;
			sourceTree = "<group>";
		};
		0752CDF61C2789A200C75ACB /* UI */ = {
			isa = PBXGroup;
			children = (
				078625461DDB321B0005855B /* ViewModel */,
				078625491DDB39500005855B /* View */,
				0752CE131C28E8BE00C75ACB /* Cell */,
				0752CE141C28E8C800C75ACB /* ViewController */,
			);
			name = UI;
			sourceTree = "<group>";
		};
		0752CDF71C2789A800C75ACB /* Presenter */ = {
			isa = PBXGroup;
			children = (
				270E3D9F1C26DB6900C9A69E /* LoginAccountPresenter.swift */,
				270E3D941C26DAC700C9A69E /* TimelinePresenter.swift */,
			);
			name = Presenter;
			sourceTree = "<group>";
		};
		0752CDF81C2789BC00C75ACB /* DataStore */ = {
			isa = PBXGroup;
			children = (
				270E3DA31C26DB7E00C9A69E /* SocialAccountDataStore.swift */,
				0752CDFF1C27987300C75ACB /* LoginAccountDataStore.swift */,
				270E3D981C26DAEE00C9A69E /* TimelineDataStore.swift */,
			);
			name = DataStore;
			sourceTree = "<group>";
		};
		0752CDF91C278A2B00C75ACB /* UseCase */ = {
			isa = PBXGroup;
			children = (
				0752CDFB1C2791D700C75ACB /* LoginAccountUseCase.swift */,
				0752CE081C28266D00C75ACB /* TimelineUseCase.swift */,
				0752CE151C28E8E600C75ACB /* Translater */,
			);
			name = UseCase;
			sourceTree = "<group>";
		};
		0752CDFA1C278A3100C75ACB /* Repository */ = {
			isa = PBXGroup;
			children = (
				0752CE011C279A6400C75ACB /* SocialAccountRepository.swift */,
				270E3DA11C26DB7500C9A69E /* LoginAccountRepository.swift */,
				270E3D961C26DAE000C9A69E /* TimelineRepository.swift */,
			);
			name = Repository;
			sourceTree = "<group>";
		};
		0752CDFD1C2794D700C75ACB /* Model */ = {
			isa = PBXGroup;
			children = (
				270E3DAF1C271EB100C9A69E /* RegisteredAccountsModel.swift */,
				0752CE0E1C283EAB00C75ACB /* TimelineModel.swift */,
			);
			name = Model;
			sourceTree = "<group>";
		};
		0752CDFE1C2794E500C75ACB /* Entity */ = {
			isa = PBXGroup;
			children = (
				0752CE0A1C28328600C75ACB /* TimelineEntity.swift */,
			);
			name = Entity;
			sourceTree = "<group>";
		};
		0752CE071C281C8000C75ACB /* Network */ = {
			isa = PBXGroup;
			children = (
				0752CE161C28EF9E00C75ACB /* RestSLRequest.swift */,
			);
			name = Network;
			sourceTree = "<group>";
		};
		0752CE121C28636E00C75ACB /* Util */ = {
			isa = PBXGroup;
			children = (
				0786254F1DDB3AB80005855B /* Shared */,
				270E3DAC1C27112C00C9A69E /* Error */,
			);
			name = Util;
			sourceTree = "<group>";
		};
		0752CE131C28E8BE00C75ACB /* Cell */ = {
			isa = PBXGroup;
			children = (
				270E3DB11C27291200C9A69E /* LoginAccountViewCell.swift */,
				0752CE101C28452B00C75ACB /* TimelineViewCell.swift */,
			);
			name = Cell;
			sourceTree = "<group>";
		};
		0752CE141C28E8C800C75ACB /* ViewController */ = {
			isa = PBXGroup;
			children = (
				270E3D9D1C26DB5D00C9A69E /* LoginAccountViewController.swift */,
				270E3D901C26DA3D00C9A69E /* TimelineViewController.swift */,
			);
			name = ViewController;
			sourceTree = "<group>";
		};
		0752CE151C28E8E600C75ACB /* Translater */ = {
			isa = PBXGroup;
			children = (
				0752CE031C28008900C75ACB /* RegisteredAccountTranslater.swift */,
				0752CE0C1C283E0E00C75ACB /* TimelineTranslater.swift */,
				276CCD001DD7E04D0089648C /* Translator.swift */,
			);
			name = Translater;
			sourceTree = "<group>";
		};
		078625461DDB321B0005855B /* ViewModel */ = {
			isa = PBXGroup;
			children = (
				078625471DDB32290005855B /* TimelineViewModel.swift */,
			);
			name = ViewModel;
			path = Presentation/UI/ViewModel;
			sourceTree = "<group>";
		};
		078625491DDB39500005855B /* View */ = {
			isa = PBXGroup;
			children = (
				0786254B1DDB398A0005855B /* TimelineUserHeaderView.swift */,
				0786254D1DDB39950005855B /* TimelineUserHeaderView.xib */,
			);
			name = View;
			path = Presentation/UI/View;
			sourceTree = "<group>";
		};
		0786254F1DDB3AB80005855B /* Shared */ = {
			isa = PBXGroup;
			children = (
				078625501DDB3AD60005855B /* Nib.swift */,
			);
			name = Shared;
			path = Util/Shared;
			sourceTree = "<group>";
		};
		270E3D561C26D9FC00C9A69E = {
			isa = PBXGroup;
			children = (
				270E3D611C26D9FC00C9A69E /* iOSCleanArchitectureTwitterSample */,
				270E3DA51C26DC0600C9A69E /* Frameworks */,
				270E3D761C26D9FC00C9A69E /* iOSCleanArchitectureTwitterSampleTests */,
				270E3D811C26D9FC00C9A69E /* iOSCleanArchitectureTwitterSampleUITests */,
				270E3D601C26D9FC00C9A69E /* Products */,
				2AD803A2545D1C63E8247C32 /* Pods */,
			);
			sourceTree = "<group>";
		};
		270E3D601C26D9FC00C9A69E /* Products */ = {
			isa = PBXGroup;
			children = (
				270E3D5F1C26D9FC00C9A69E /* iOSCleanArchitectureTwitterSample.app */,
				270E3D731C26D9FC00C9A69E /* iOSCleanArchitectureTwitterSampleTests.xctest */,
				270E3D7E1C26D9FC00C9A69E /* iOSCleanArchitectureTwitterSampleUITests.xctest */,
			);
			name = Products;
			sourceTree = "<group>";
		};
		270E3D611C26D9FC00C9A69E /* iOSCleanArchitectureTwitterSample */ = {
			isa = PBXGroup;
			children = (
				270E3D621C26D9FC00C9A69E /* AppDelegate.swift */,
				276CCD021DD844870089648C /* Application */,
				0752CDF31C27897500C75ACB /* Presentation */,
				0752CDF41C27898100C75ACB /* Domain */,
				0752CDF51C27899000C75ACB /* Data */,
				0752CE121C28636E00C75ACB /* Util */,
				270E3D661C26D9FC00C9A69E /* Main.storyboard */,
				270E3D691C26D9FC00C9A69E /* Assets.xcassets */,
				270E3D6B1C26D9FC00C9A69E /* LaunchScreen.storyboard */,
				270E3D6E1C26D9FC00C9A69E /* Info.plist */,
			);
			path = iOSCleanArchitectureTwitterSample;
			sourceTree = "<group>";
		};
		270E3D761C26D9FC00C9A69E /* iOSCleanArchitectureTwitterSampleTests */ = {
			isa = PBXGroup;
			children = (
				270E3D771C26D9FC00C9A69E /* iOSCleanArchitectureTwitterSampleTests.swift */,
				270E3D791C26D9FC00C9A69E /* Info.plist */,
			);
			path = iOSCleanArchitectureTwitterSampleTests;
			sourceTree = "<group>";
		};
		270E3D811C26D9FC00C9A69E /* iOSCleanArchitectureTwitterSampleUITests */ = {
			isa = PBXGroup;
			children = (
				270E3D821C26D9FC00C9A69E /* iOSCleanArchitectureTwitterSampleUITests.swift */,
				270E3D841C26D9FC00C9A69E /* Info.plist */,
			);
			path = iOSCleanArchitectureTwitterSampleUITests;
			sourceTree = "<group>";
		};
		270E3DA51C26DC0600C9A69E /* Frameworks */ = {
			isa = PBXGroup;
			children = (
				270E3DA81C26DC2400C9A69E /* Social.framework */,
				270E3DA61C26DC1F00C9A69E /* Accounts.framework */,
				21CB8D56598FD8BF8E22F832 /* Pods_iOSCleanArchitectureTwitterSample.framework */,
				A49CE4E61BFE7FF396A1C494 /* Pods_iOSCleanArchitectureTwitterSampleTests.framework */,
				0D3E91A768FBEEE702FF5F6C /* Pods_iOSCleanArchitectureTwitterSampleUITests.framework */,
			);
			name = Frameworks;
			sourceTree = "<group>";
		};
		270E3DAC1C27112C00C9A69E /* Error */ = {
			isa = PBXGroup;
			children = (
				270E3DAD1C27113C00C9A69E /* AppError.swift */,
			);
			name = Error;
			sourceTree = "<group>";
		};
		272C798D1DDA2A390073AD9D /* Shared */ = {
			isa = PBXGroup;
			children = (
				272C798E1DDA2A390073AD9D /* Observer */,
			);
			path = Shared;
			sourceTree = "<group>";
		};
		272C798E1DDA2A390073AD9D /* Observer */ = {
			isa = PBXGroup;
			children = (
				272C798F1DDA2A480073AD9D /* SharedObserver.swift */,
			);
			path = Observer;
			sourceTree = "<group>";
		};
		276CCD021DD844870089648C /* Application */ = {
			isa = PBXGroup;
			children = (
				276CCD031DD845290089648C /* Builder */,
				276CCD041DD845290089648C /* Wireframe */,
				272C798D1DDA2A390073AD9D /* Shared */,
			);
			path = Application;
			sourceTree = "<group>";
		};
		276CCD031DD845290089648C /* Builder */ = {
			isa = PBXGroup;
			children = (
				276CCD091DD863C70089648C /* LoginAccountBuilder.swift */,
				276CCD0B1DD884FC0089648C /* TimelineBuilder.swift */,
			);
			path = Builder;
			sourceTree = "<group>";
		};
		276CCD041DD845290089648C /* Wireframe */ = {
			isa = PBXGroup;
			children = (
				276CCD051DD8456F0089648C /* TimelineWireframe.swift */,
				276CCD071DD845C00089648C /* LoginAccountWireframe.swift */,
			);
			path = Wireframe;
			sourceTree = "<group>";
		};
		2AD803A2545D1C63E8247C32 /* Pods */ = {
			isa = PBXGroup;
			children = (
				4B61D37FA9D756790694A8FC /* Pods-iOSCleanArchitectureTwitterSample.debug.xcconfig */,
				F29F8E23D6FEE0D5BFBD3C37 /* Pods-iOSCleanArchitectureTwitterSample.release.xcconfig */,
				0D14D064FA9E031D81DA7399 /* Pods-iOSCleanArchitectureTwitterSampleTests.debug.xcconfig */,
				8B51EA7EF86D54C8F36755EB /* Pods-iOSCleanArchitectureTwitterSampleTests.release.xcconfig */,
				FEF16B3F9F54D4B56E74B095 /* Pods-iOSCleanArchitectureTwitterSampleUITests.debug.xcconfig */,
				D15C47EC0A9CF00EBD004A84 /* Pods-iOSCleanArchitectureTwitterSampleUITests.release.xcconfig */,
			);
			name = Pods;
			sourceTree = "<group>";
		};
/* End PBXGroup section */

/* Begin PBXNativeTarget section */
		270E3D5E1C26D9FC00C9A69E /* iOSCleanArchitectureTwitterSample */ = {
			isa = PBXNativeTarget;
			buildConfigurationList = 270E3D871C26D9FC00C9A69E /* Build configuration list for PBXNativeTarget "iOSCleanArchitectureTwitterSample" */;
			buildPhases = (
				C40BB0D98183CB4BFEFF9AC7 /* [CP] Check Pods Manifest.lock */,
				270E3D5B1C26D9FC00C9A69E /* Sources */,
				270E3D5C1C26D9FC00C9A69E /* Frameworks */,
				270E3D5D1C26D9FC00C9A69E /* Resources */,
				30D0E54DEB9E726F62BB28D9 /* [CP] Embed Pods Frameworks */,
				A9F5A5F468279B4C3869B22C /* [CP] Copy Pods Resources */,
			);
			buildRules = (
			);
			dependencies = (
			);
			name = iOSCleanArchitectureTwitterSample;
			productName = iOSCleanArchitectureTwitterSample;
			productReference = 270E3D5F1C26D9FC00C9A69E /* iOSCleanArchitectureTwitterSample.app */;
			productType = "com.apple.product-type.application";
		};
		270E3D721C26D9FC00C9A69E /* iOSCleanArchitectureTwitterSampleTests */ = {
			isa = PBXNativeTarget;
			buildConfigurationList = 270E3D8A1C26D9FC00C9A69E /* Build configuration list for PBXNativeTarget "iOSCleanArchitectureTwitterSampleTests" */;
			buildPhases = (
				A774C936F7630F7266F48B0E /* [CP] Check Pods Manifest.lock */,
				270E3D6F1C26D9FC00C9A69E /* Sources */,
				270E3D701C26D9FC00C9A69E /* Frameworks */,
				270E3D711C26D9FC00C9A69E /* Resources */,
				329E2CEE8CA24BE277AE6BAB /* [CP] Embed Pods Frameworks */,
				AF1FBE04A4A9806C9F56F0E6 /* [CP] Copy Pods Resources */,
			);
			buildRules = (
			);
			dependencies = (
				270E3D751C26D9FC00C9A69E /* PBXTargetDependency */,
			);
			name = iOSCleanArchitectureTwitterSampleTests;
			productName = iOSCleanArchitectureTwitterSampleTests;
			productReference = 270E3D731C26D9FC00C9A69E /* iOSCleanArchitectureTwitterSampleTests.xctest */;
			productType = "com.apple.product-type.bundle.unit-test";
		};
		270E3D7D1C26D9FC00C9A69E /* iOSCleanArchitectureTwitterSampleUITests */ = {
			isa = PBXNativeTarget;
			buildConfigurationList = 270E3D8D1C26D9FC00C9A69E /* Build configuration list for PBXNativeTarget "iOSCleanArchitectureTwitterSampleUITests" */;
			buildPhases = (
				D6DC692175C67E81377EF43C /* [CP] Check Pods Manifest.lock */,
				270E3D7A1C26D9FC00C9A69E /* Sources */,
				270E3D7B1C26D9FC00C9A69E /* Frameworks */,
				270E3D7C1C26D9FC00C9A69E /* Resources */,
				DB7C536F7BEFCBED8F9DA4BA /* [CP] Copy Pods Resources */,
				9AD21DAF246ADC4E5877E6FA /* [CP] Embed Pods Frameworks */,
			);
			buildRules = (
			);
			dependencies = (
				270E3D801C26D9FC00C9A69E /* PBXTargetDependency */,
			);
			name = iOSCleanArchitectureTwitterSampleUITests;
			productName = iOSCleanArchitectureTwitterSampleUITests;
			productReference = 270E3D7E1C26D9FC00C9A69E /* iOSCleanArchitectureTwitterSampleUITests.xctest */;
			productType = "com.apple.product-type.bundle.ui-testing";
		};
/* End PBXNativeTarget section */

/* Begin PBXProject section */
		270E3D571C26D9FC00C9A69E /* Project object */ = {
			isa = PBXProject;
			attributes = {
				LastSwiftUpdateCheck = 0720;
				LastUpgradeCheck = 0720;
				ORGANIZATIONNAME = koutalou;
				TargetAttributes = {
					270E3D5E1C26D9FC00C9A69E = {
						CreatedOnToolsVersion = 7.2;
						DevelopmentTeam = ETCRPHYQG4;
						LastSwiftMigration = 0810;
					};
					270E3D721C26D9FC00C9A69E = {
						CreatedOnToolsVersion = 7.2;
						LastSwiftMigration = 0810;
						TestTargetID = 270E3D5E1C26D9FC00C9A69E;
					};
					270E3D7D1C26D9FC00C9A69E = {
						CreatedOnToolsVersion = 7.2;
						LastSwiftMigration = 0810;
						TestTargetID = 270E3D5E1C26D9FC00C9A69E;
					};
				};
			};
			buildConfigurationList = 270E3D5A1C26D9FC00C9A69E /* Build configuration list for PBXProject "iOSCleanArchitectureTwitterSample" */;
			compatibilityVersion = "Xcode 3.2";
			developmentRegion = English;
			hasScannedForEncodings = 0;
			knownRegions = (
				en,
				Base,
			);
			mainGroup = 270E3D561C26D9FC00C9A69E;
			productRefGroup = 270E3D601C26D9FC00C9A69E /* Products */;
			projectDirPath = "";
			projectRoot = "";
			targets = (
				270E3D5E1C26D9FC00C9A69E /* iOSCleanArchitectureTwitterSample */,
				270E3D721C26D9FC00C9A69E /* iOSCleanArchitectureTwitterSampleTests */,
				270E3D7D1C26D9FC00C9A69E /* iOSCleanArchitectureTwitterSampleUITests */,
			);
		};
/* End PBXProject section */

/* Begin PBXResourcesBuildPhase section */
		270E3D5D1C26D9FC00C9A69E /* Resources */ = {
			isa = PBXResourcesBuildPhase;
			buildActionMask = 2147483647;
			files = (
				270E3D6D1C26D9FC00C9A69E /* LaunchScreen.storyboard in Resources */,
				0786254E1DDB39950005855B /* TimelineUserHeaderView.xib in Resources */,
				270E3D6A1C26D9FC00C9A69E /* Assets.xcassets in Resources */,
				270E3D681C26D9FC00C9A69E /* Main.storyboard in Resources */,
			);
			runOnlyForDeploymentPostprocessing = 0;
		};
		270E3D711C26D9FC00C9A69E /* Resources */ = {
			isa = PBXResourcesBuildPhase;
			buildActionMask = 2147483647;
			files = (
			);
			runOnlyForDeploymentPostprocessing = 0;
		};
		270E3D7C1C26D9FC00C9A69E /* Resources */ = {
			isa = PBXResourcesBuildPhase;
			buildActionMask = 2147483647;
			files = (
			);
			runOnlyForDeploymentPostprocessing = 0;
		};
/* End PBXResourcesBuildPhase section */

/* Begin PBXShellScriptBuildPhase section */
		30D0E54DEB9E726F62BB28D9 /* [CP] Embed Pods Frameworks */ = {
			isa = PBXShellScriptBuildPhase;
			buildActionMask = 2147483647;
			files = (
			);
			inputPaths = (
			);
			name = "[CP] Embed Pods Frameworks";
			outputPaths = (
			);
			runOnlyForDeploymentPostprocessing = 0;
			shellPath = /bin/sh;
			shellScript = "\"${SRCROOT}/Pods/Target Support Files/Pods-iOSCleanArchitectureTwitterSample/Pods-iOSCleanArchitectureTwitterSample-frameworks.sh\"\n";
			showEnvVarsInLog = 0;
		};
		329E2CEE8CA24BE277AE6BAB /* [CP] Embed Pods Frameworks */ = {
			isa = PBXShellScriptBuildPhase;
			buildActionMask = 2147483647;
			files = (
			);
			inputPaths = (
			);
			name = "[CP] Embed Pods Frameworks";
			outputPaths = (
			);
			runOnlyForDeploymentPostprocessing = 0;
			shellPath = /bin/sh;
			shellScript = "\"${SRCROOT}/Pods/Target Support Files/Pods-iOSCleanArchitectureTwitterSampleTests/Pods-iOSCleanArchitectureTwitterSampleTests-frameworks.sh\"\n";
			showEnvVarsInLog = 0;
		};
		9AD21DAF246ADC4E5877E6FA /* [CP] Embed Pods Frameworks */ = {
			isa = PBXShellScriptBuildPhase;
			buildActionMask = 2147483647;
			files = (
			);
			inputPaths = (
			);
			name = "[CP] Embed Pods Frameworks";
			outputPaths = (
			);
			runOnlyForDeploymentPostprocessing = 0;
			shellPath = /bin/sh;
			shellScript = "\"${SRCROOT}/Pods/Target Support Files/Pods-iOSCleanArchitectureTwitterSampleUITests/Pods-iOSCleanArchitectureTwitterSampleUITests-frameworks.sh\"\n";
			showEnvVarsInLog = 0;
		};
		A774C936F7630F7266F48B0E /* [CP] Check Pods Manifest.lock */ = {
			isa = PBXShellScriptBuildPhase;
			buildActionMask = 2147483647;
			files = (
			);
			inputPaths = (
			);
			name = "[CP] Check Pods Manifest.lock";
			outputPaths = (
			);
			runOnlyForDeploymentPostprocessing = 0;
			shellPath = /bin/sh;
			shellScript = "diff \"${PODS_ROOT}/../Podfile.lock\" \"${PODS_ROOT}/Manifest.lock\" > /dev/null\nif [ $? != 0 ] ; then\n    # print error to STDERR\n    echo \"error: The sandbox is not in sync with the Podfile.lock. Run 'pod install' or update your CocoaPods installation.\" >&2\n    exit 1\nfi\n";
			showEnvVarsInLog = 0;
		};
		A9F5A5F468279B4C3869B22C /* [CP] Copy Pods Resources */ = {
			isa = PBXShellScriptBuildPhase;
			buildActionMask = 2147483647;
			files = (
			);
			inputPaths = (
			);
			name = "[CP] Copy Pods Resources";
			outputPaths = (
			);
			runOnlyForDeploymentPostprocessing = 0;
			shellPath = /bin/sh;
			shellScript = "\"${SRCROOT}/Pods/Target Support Files/Pods-iOSCleanArchitectureTwitterSample/Pods-iOSCleanArchitectureTwitterSample-resources.sh\"\n";
			showEnvVarsInLog = 0;
		};
		AF1FBE04A4A9806C9F56F0E6 /* [CP] Copy Pods Resources */ = {
			isa = PBXShellScriptBuildPhase;
			buildActionMask = 2147483647;
			files = (
			);
			inputPaths = (
			);
			name = "[CP] Copy Pods Resources";
			outputPaths = (
			);
			runOnlyForDeploymentPostprocessing = 0;
			shellPath = /bin/sh;
			shellScript = "\"${SRCROOT}/Pods/Target Support Files/Pods-iOSCleanArchitectureTwitterSampleTests/Pods-iOSCleanArchitectureTwitterSampleTests-resources.sh\"\n";
			showEnvVarsInLog = 0;
		};
		C40BB0D98183CB4BFEFF9AC7 /* [CP] Check Pods Manifest.lock */ = {
			isa = PBXShellScriptBuildPhase;
			buildActionMask = 2147483647;
			files = (
			);
			inputPaths = (
			);
			name = "[CP] Check Pods Manifest.lock";
			outputPaths = (
			);
			runOnlyForDeploymentPostprocessing = 0;
			shellPath = /bin/sh;
			shellScript = "diff \"${PODS_ROOT}/../Podfile.lock\" \"${PODS_ROOT}/Manifest.lock\" > /dev/null\nif [ $? != 0 ] ; then\n    # print error to STDERR\n    echo \"error: The sandbox is not in sync with the Podfile.lock. Run 'pod install' or update your CocoaPods installation.\" >&2\n    exit 1\nfi\n";
			showEnvVarsInLog = 0;
		};
		D6DC692175C67E81377EF43C /* [CP] Check Pods Manifest.lock */ = {
			isa = PBXShellScriptBuildPhase;
			buildActionMask = 2147483647;
			files = (
			);
			inputPaths = (
			);
			name = "[CP] Check Pods Manifest.lock";
			outputPaths = (
			);
			runOnlyForDeploymentPostprocessing = 0;
			shellPath = /bin/sh;
			shellScript = "diff \"${PODS_ROOT}/../Podfile.lock\" \"${PODS_ROOT}/Manifest.lock\" > /dev/null\nif [ $? != 0 ] ; then\n    # print error to STDERR\n    echo \"error: The sandbox is not in sync with the Podfile.lock. Run 'pod install' or update your CocoaPods installation.\" >&2\n    exit 1\nfi\n";
			showEnvVarsInLog = 0;
		};
		DB7C536F7BEFCBED8F9DA4BA /* [CP] Copy Pods Resources */ = {
			isa = PBXShellScriptBuildPhase;
			buildActionMask = 2147483647;
			files = (
			);
			inputPaths = (
			);
			name = "[CP] Copy Pods Resources";
			outputPaths = (
			);
			runOnlyForDeploymentPostprocessing = 0;
			shellPath = /bin/sh;
			shellScript = "\"${SRCROOT}/Pods/Target Support Files/Pods-iOSCleanArchitectureTwitterSampleUITests/Pods-iOSCleanArchitectureTwitterSampleUITests-resources.sh\"\n";
			showEnvVarsInLog = 0;
		};
/* End PBXShellScriptBuildPhase section */

/* Begin PBXSourcesBuildPhase section */
		270E3D5B1C26D9FC00C9A69E /* Sources */ = {
			isa = PBXSourcesBuildPhase;
			buildActionMask = 2147483647;
			files = (
				0752CE041C28008900C75ACB /* RegisteredAccountTranslater.swift in Sources */,
				0752CE0B1C28328600C75ACB /* TimelineEntity.swift in Sources */,
				270E3DA01C26DB6900C9A69E /* LoginAccountPresenter.swift in Sources */,
				276CCD0C1DD884FC0089648C /* TimelineBuilder.swift in Sources */,
				276CCD061DD8456F0089648C /* TimelineWireframe.swift in Sources */,
				270E3DB01C271EB100C9A69E /* RegisteredAccountsModel.swift in Sources */,
				270E3D911C26DA3D00C9A69E /* TimelineViewController.swift in Sources */,
				0752CE001C27987300C75ACB /* LoginAccountDataStore.swift in Sources */,
				0752CE171C28EF9E00C75ACB /* RestSLRequest.swift in Sources */,
				270E3D991C26DAEE00C9A69E /* TimelineDataStore.swift in Sources */,
				0752CE0F1C283EAB00C75ACB /* TimelineModel.swift in Sources */,
				0752CE091C28266D00C75ACB /* TimelineUseCase.swift in Sources */,
				270E3DA21C26DB7500C9A69E /* LoginAccountRepository.swift in Sources */,
				276CCD081DD845C00089648C /* LoginAccountWireframe.swift in Sources */,
				270E3D951C26DAC700C9A69E /* TimelinePresenter.swift in Sources */,
				270E3D971C26DAE000C9A69E /* TimelineRepository.swift in Sources */,
				270E3DB21C27291200C9A69E /* LoginAccountViewCell.swift in Sources */,
				0752CE0D1C283E0E00C75ACB /* TimelineTranslater.swift in Sources */,
				078625481DDB32290005855B /* TimelineViewModel.swift in Sources */,
				270E3DA41C26DB7E00C9A69E /* SocialAccountDataStore.swift in Sources */,
				0786254C1DDB398A0005855B /* TimelineUserHeaderView.swift in Sources */,
				0752CE111C28452B00C75ACB /* TimelineViewCell.swift in Sources */,
				276CCD0A1DD863C70089648C /* LoginAccountBuilder.swift in Sources */,
				270E3DAE1C27113C00C9A69E /* AppError.swift in Sources */,
				0752CDFC1C2791D700C75ACB /* LoginAccountUseCase.swift in Sources */,
				270E3D9E1C26DB5D00C9A69E /* LoginAccountViewController.swift in Sources */,
				270E3D631C26D9FC00C9A69E /* AppDelegate.swift in Sources */,
				276CCD011DD7E04D0089648C /* Translator.swift in Sources */,
				078625511DDB3AD60005855B /* Nib.swift in Sources */,
				272C79901DDA2A480073AD9D /* SharedObserver.swift in Sources */,
				0752CE021C279A6400C75ACB /* SocialAccountRepository.swift in Sources */,
			);
			runOnlyForDeploymentPostprocessing = 0;
		};
		270E3D6F1C26D9FC00C9A69E /* Sources */ = {
			isa = PBXSourcesBuildPhase;
			buildActionMask = 2147483647;
			files = (
				270E3D781C26D9FC00C9A69E /* iOSCleanArchitectureTwitterSampleTests.swift in Sources */,
			);
			runOnlyForDeploymentPostprocessing = 0;
		};
		270E3D7A1C26D9FC00C9A69E /* Sources */ = {
			isa = PBXSourcesBuildPhase;
			buildActionMask = 2147483647;
			files = (
				270E3D831C26D9FC00C9A69E /* iOSCleanArchitectureTwitterSampleUITests.swift in Sources */,
			);
			runOnlyForDeploymentPostprocessing = 0;
		};
/* End PBXSourcesBuildPhase section */

/* Begin PBXTargetDependency section */
		270E3D751C26D9FC00C9A69E /* PBXTargetDependency */ = {
			isa = PBXTargetDependency;
			target = 270E3D5E1C26D9FC00C9A69E /* iOSCleanArchitectureTwitterSample */;
			targetProxy = 270E3D741C26D9FC00C9A69E /* PBXContainerItemProxy */;
		};
		270E3D801C26D9FC00C9A69E /* PBXTargetDependency */ = {
			isa = PBXTargetDependency;
			target = 270E3D5E1C26D9FC00C9A69E /* iOSCleanArchitectureTwitterSample */;
			targetProxy = 270E3D7F1C26D9FC00C9A69E /* PBXContainerItemProxy */;
		};
/* End PBXTargetDependency section */

/* Begin PBXVariantGroup section */
		270E3D661C26D9FC00C9A69E /* Main.storyboard */ = {
			isa = PBXVariantGroup;
			children = (
				270E3D671C26D9FC00C9A69E /* Base */,
			);
			name = Main.storyboard;
			sourceTree = "<group>";
		};
		270E3D6B1C26D9FC00C9A69E /* LaunchScreen.storyboard */ = {
			isa = PBXVariantGroup;
			children = (
				270E3D6C1C26D9FC00C9A69E /* Base */,
			);
			name = LaunchScreen.storyboard;
			sourceTree = "<group>";
		};
/* End PBXVariantGroup section */

/* Begin XCBuildConfiguration section */
		270E3D851C26D9FC00C9A69E /* Debug */ = {
			isa = XCBuildConfiguration;
			buildSettings = {
				ALWAYS_SEARCH_USER_PATHS = NO;
				CLANG_CXX_LANGUAGE_STANDARD = "gnu++0x";
				CLANG_CXX_LIBRARY = "libc++";
				CLANG_ENABLE_MODULES = YES;
				CLANG_ENABLE_OBJC_ARC = YES;
				CLANG_WARN_BOOL_CONVERSION = YES;
				CLANG_WARN_CONSTANT_CONVERSION = YES;
				CLANG_WARN_DIRECT_OBJC_ISA_USAGE = YES_ERROR;
				CLANG_WARN_EMPTY_BODY = YES;
				CLANG_WARN_ENUM_CONVERSION = YES;
				CLANG_WARN_INT_CONVERSION = YES;
				CLANG_WARN_OBJC_ROOT_CLASS = YES_ERROR;
				CLANG_WARN_UNREACHABLE_CODE = YES;
				CLANG_WARN__DUPLICATE_METHOD_MATCH = YES;
				"CODE_SIGN_IDENTITY[sdk=iphoneos*]" = "iPhone Developer";
				COPY_PHASE_STRIP = NO;
				DEBUG_INFORMATION_FORMAT = dwarf;
				ENABLE_STRICT_OBJC_MSGSEND = YES;
				ENABLE_TESTABILITY = YES;
				GCC_C_LANGUAGE_STANDARD = gnu99;
				GCC_DYNAMIC_NO_PIC = NO;
				GCC_NO_COMMON_BLOCKS = YES;
				GCC_OPTIMIZATION_LEVEL = 0;
				GCC_PREPROCESSOR_DEFINITIONS = (
					"DEBUG=1",
					"$(inherited)",
				);
				GCC_WARN_64_TO_32_BIT_CONVERSION = YES;
				GCC_WARN_ABOUT_RETURN_TYPE = YES_ERROR;
				GCC_WARN_UNDECLARED_SELECTOR = YES;
				GCC_WARN_UNINITIALIZED_AUTOS = YES_AGGRESSIVE;
				GCC_WARN_UNUSED_FUNCTION = YES;
				GCC_WARN_UNUSED_VARIABLE = YES;
				IPHONEOS_DEPLOYMENT_TARGET = 10.1;
				MTL_ENABLE_DEBUG_INFO = YES;
				ONLY_ACTIVE_ARCH = YES;
				SDKROOT = iphoneos;
				SWIFT_OPTIMIZATION_LEVEL = "-Onone";
				TARGETED_DEVICE_FAMILY = "1,2";
			};
			name = Debug;
		};
		270E3D861C26D9FC00C9A69E /* Release */ = {
			isa = XCBuildConfiguration;
			buildSettings = {
				ALWAYS_SEARCH_USER_PATHS = NO;
				CLANG_CXX_LANGUAGE_STANDARD = "gnu++0x";
				CLANG_CXX_LIBRARY = "libc++";
				CLANG_ENABLE_MODULES = YES;
				CLANG_ENABLE_OBJC_ARC = YES;
				CLANG_WARN_BOOL_CONVERSION = YES;
				CLANG_WARN_CONSTANT_CONVERSION = YES;
				CLANG_WARN_DIRECT_OBJC_ISA_USAGE = YES_ERROR;
				CLANG_WARN_EMPTY_BODY = YES;
				CLANG_WARN_ENUM_CONVERSION = YES;
				CLANG_WARN_INT_CONVERSION = YES;
				CLANG_WARN_OBJC_ROOT_CLASS = YES_ERROR;
				CLANG_WARN_UNREACHABLE_CODE = YES;
				CLANG_WARN__DUPLICATE_METHOD_MATCH = YES;
				"CODE_SIGN_IDENTITY[sdk=iphoneos*]" = "iPhone Developer";
				COPY_PHASE_STRIP = NO;
				DEBUG_INFORMATION_FORMAT = "dwarf-with-dsym";
				ENABLE_NS_ASSERTIONS = NO;
				ENABLE_STRICT_OBJC_MSGSEND = YES;
				GCC_C_LANGUAGE_STANDARD = gnu99;
				GCC_NO_COMMON_BLOCKS = YES;
				GCC_WARN_64_TO_32_BIT_CONVERSION = YES;
				GCC_WARN_ABOUT_RETURN_TYPE = YES_ERROR;
				GCC_WARN_UNDECLARED_SELECTOR = YES;
				GCC_WARN_UNINITIALIZED_AUTOS = YES_AGGRESSIVE;
				GCC_WARN_UNUSED_FUNCTION = YES;
				GCC_WARN_UNUSED_VARIABLE = YES;
				IPHONEOS_DEPLOYMENT_TARGET = 10.1;
				MTL_ENABLE_DEBUG_INFO = NO;
				SDKROOT = iphoneos;
				TARGETED_DEVICE_FAMILY = "1,2";
				VALIDATE_PRODUCT = YES;
			};
			name = Release;
		};
		270E3D881C26D9FC00C9A69E /* Debug */ = {
			isa = XCBuildConfiguration;
			baseConfigurationReference = 4B61D37FA9D756790694A8FC /* Pods-iOSCleanArchitectureTwitterSample.debug.xcconfig */;
			buildSettings = {
				ASSETCATALOG_COMPILER_APPICON_NAME = AppIcon;
				DEVELOPMENT_TEAM = ETCRPHYQG4;
				INFOPLIST_FILE = iOSCleanArchitectureTwitterSample/Info.plist;
				IPHONEOS_DEPLOYMENT_TARGET = 10.1;
				LD_RUNPATH_SEARCH_PATHS = "$(inherited) @executable_path/Frameworks";
				PRODUCT_BUNDLE_IDENTIFIER = com.koutalou.iOSCleanArchitectureTwitterSample;
				PRODUCT_NAME = "$(TARGET_NAME)";
				SWIFT_VERSION = 3.0;
			};
			name = Debug;
		};
		270E3D891C26D9FC00C9A69E /* Release */ = {
			isa = XCBuildConfiguration;
			baseConfigurationReference = F29F8E23D6FEE0D5BFBD3C37 /* Pods-iOSCleanArchitectureTwitterSample.release.xcconfig */;
			buildSettings = {
				ASSETCATALOG_COMPILER_APPICON_NAME = AppIcon;
				DEVELOPMENT_TEAM = ETCRPHYQG4;
				INFOPLIST_FILE = iOSCleanArchitectureTwitterSample/Info.plist;
				IPHONEOS_DEPLOYMENT_TARGET = 10.1;
				LD_RUNPATH_SEARCH_PATHS = "$(inherited) @executable_path/Frameworks";
				PRODUCT_BUNDLE_IDENTIFIER = com.koutalou.iOSCleanArchitectureTwitterSample;
				PRODUCT_NAME = "$(TARGET_NAME)";
				SWIFT_VERSION = 3.0;
			};
			name = Release;
		};
		270E3D8B1C26D9FC00C9A69E /* Debug */ = {
			isa = XCBuildConfiguration;
			baseConfigurationReference = 0D14D064FA9E031D81DA7399 /* Pods-iOSCleanArchitectureTwitterSampleTests.debug.xcconfig */;
			buildSettings = {
				BUNDLE_LOADER = "$(TEST_HOST)";
				INFOPLIST_FILE = iOSCleanArchitectureTwitterSampleTests/Info.plist;
				LD_RUNPATH_SEARCH_PATHS = "$(inherited) @executable_path/Frameworks @loader_path/Frameworks";
				PRODUCT_BUNDLE_IDENTIFIER = com.koutalou.iOSCleanArchitectureTwitterSampleTests;
				PRODUCT_NAME = "$(TARGET_NAME)";
				SWIFT_VERSION = 3.0;
				TEST_HOST = "$(BUILT_PRODUCTS_DIR)/iOSCleanArchitectureTwitterSample.app/iOSCleanArchitectureTwitterSample";
			};
			name = Debug;
		};
		270E3D8C1C26D9FC00C9A69E /* Release */ = {
			isa = XCBuildConfiguration;
			baseConfigurationReference = 8B51EA7EF86D54C8F36755EB /* Pods-iOSCleanArchitectureTwitterSampleTests.release.xcconfig */;
			buildSettings = {
				BUNDLE_LOADER = "$(TEST_HOST)";
				INFOPLIST_FILE = iOSCleanArchitectureTwitterSampleTests/Info.plist;
				LD_RUNPATH_SEARCH_PATHS = "$(inherited) @executable_path/Frameworks @loader_path/Frameworks";
				PRODUCT_BUNDLE_IDENTIFIER = com.koutalou.iOSCleanArchitectureTwitterSampleTests;
				PRODUCT_NAME = "$(TARGET_NAME)";
				SWIFT_VERSION = 3.0;
				TEST_HOST = "$(BUILT_PRODUCTS_DIR)/iOSCleanArchitectureTwitterSample.app/iOSCleanArchitectureTwitterSample";
			};
			name = Release;
		};
		270E3D8E1C26D9FC00C9A69E /* Debug */ = {
			isa = XCBuildConfiguration;
			baseConfigurationReference = FEF16B3F9F54D4B56E74B095 /* Pods-iOSCleanArchitectureTwitterSampleUITests.debug.xcconfig */;
			buildSettings = {
				INFOPLIST_FILE = iOSCleanArchitectureTwitterSampleUITests/Info.plist;
				LD_RUNPATH_SEARCH_PATHS = "$(inherited) @executable_path/Frameworks @loader_path/Frameworks";
				PRODUCT_BUNDLE_IDENTIFIER = com.koutalou.iOSCleanArchitectureTwitterSampleUITests;
				PRODUCT_NAME = "$(TARGET_NAME)";
				SWIFT_VERSION = 3.0;
				TEST_TARGET_NAME = iOSCleanArchitectureTwitterSample;
				USES_XCTRUNNER = YES;
			};
			name = Debug;
		};
		270E3D8F1C26D9FC00C9A69E /* Release */ = {
			isa = XCBuildConfiguration;
			baseConfigurationReference = D15C47EC0A9CF00EBD004A84 /* Pods-iOSCleanArchitectureTwitterSampleUITests.release.xcconfig */;
			buildSettings = {
				INFOPLIST_FILE = iOSCleanArchitectureTwitterSampleUITests/Info.plist;
				LD_RUNPATH_SEARCH_PATHS = "$(inherited) @executable_path/Frameworks @loader_path/Frameworks";
				PRODUCT_BUNDLE_IDENTIFIER = com.koutalou.iOSCleanArchitectureTwitterSampleUITests;
				PRODUCT_NAME = "$(TARGET_NAME)";
				SWIFT_VERSION = 3.0;
				TEST_TARGET_NAME = iOSCleanArchitectureTwitterSample;
				USES_XCTRUNNER = YES;
			};
			name = Release;
		};
/* End XCBuildConfiguration section */

/* Begin XCConfigurationList section */
		270E3D5A1C26D9FC00C9A69E /* Build configuration list for PBXProject "iOSCleanArchitectureTwitterSample" */ = {
			isa = XCConfigurationList;
			buildConfigurations = (
				270E3D851C26D9FC00C9A69E /* Debug */,
				270E3D861C26D9FC00C9A69E /* Release */,
			);
			defaultConfigurationIsVisible = 0;
			defaultConfigurationName = Release;
		};
		270E3D871C26D9FC00C9A69E /* Build configuration list for PBXNativeTarget "iOSCleanArchitectureTwitterSample" */ = {
			isa = XCConfigurationList;
			buildConfigurations = (
				270E3D881C26D9FC00C9A69E /* Debug */,
				270E3D891C26D9FC00C9A69E /* Release */,
			);
			defaultConfigurationIsVisible = 0;
			defaultConfigurationName = Release;
		};
		270E3D8A1C26D9FC00C9A69E /* Build configuration list for PBXNativeTarget "iOSCleanArchitectureTwitterSampleTests" */ = {
			isa = XCConfigurationList;
			buildConfigurations = (
				270E3D8B1C26D9FC00C9A69E /* Debug */,
				270E3D8C1C26D9FC00C9A69E /* Release */,
			);
			defaultConfigurationIsVisible = 0;
			defaultConfigurationName = Release;
		};
		270E3D8D1C26D9FC00C9A69E /* Build configuration list for PBXNativeTarget "iOSCleanArchitectureTwitterSampleUITests" */ = {
			isa = XCConfigurationList;
			buildConfigurations = (
				270E3D8E1C26D9FC00C9A69E /* Debug */,
				270E3D8F1C26D9FC00C9A69E /* Release */,
			);
			defaultConfigurationIsVisible = 0;
			defaultConfigurationName = Release;
		};
/* End XCConfigurationList section */
	};
	rootObject = 270E3D571C26D9FC00C9A69E /* Project object */;
}
